
Microsoft Visual Studio Solution File, Format Version 12.00
# Visual Studio Version 17
VisualStudioVersion = 17.0.31903.59
MinimumVisualStudioVersion = 10.0.40219.1
Project("{FAE04EC0-301F-11D3-BF4B-00C04F79EFBC}") = "JTest.Core", "src\JTest.Core\JTest.Core.csproj", "{F9A65FB5-7EBC-C3C1-6299-7FD8C4D48A4C}"
EndProject
Project("{FAE04EC0-301F-11D3-BF4B-00C04F79EFBC}") = "JTest.Cli", "src\JTest.Cli\JTest.Cli.csproj", "{3C76D6D8-B7E7-7860-F790-5BD98DE03F3B}"
EndProject
Project("{2150E333-8FDC-42A3-9474-1A3956D46DE8}") = "src", "src", "{3BEF5577-E39D-4B46-B4DB-D03E217CE4B7}"
EndProject
Project("{2150E333-8FDC-42A3-9474-1A3956D46DE8}") = "tests", "tests", "{03262C1F-D710-4FB4-A945-CFEEF2DBC71C}"
EndProject
Project("{FAE04EC0-301F-11D3-BF4B-00C04F79EFBC}") = "JTest.UnitTests", "tests\JTest.UnitTests\JTest.UnitTests.csproj", "{A269700D-9F3F-4315-99A3-455F7753EFEC}"
EndProject
Project("{2150E333-8FDC-42A3-9474-1A3956D46DE8}") = "Solution Items", "Solution Items", "{8EC462FD-D22E-90A8-E5CE-7E832BA40C5D}"
	ProjectSection(SolutionItems) = preProject
		docs\01-getting-started.md = docs\01-getting-started.md
		docs\02-test-structure.md = docs\02-test-structure.md
		docs\03-context-and-variables.md = docs\03-context-and-variables.md
		docs\04-templates.md = docs\04-templates.md
		docs\05-assertions.md = docs\05-assertions.md
		docs\06-best-practices.md = docs\06-best-practices.md
		docs\07-cli-usage.md = docs\07-cli-usage.md
		docs\08-troubleshooting.md = docs\08-troubleshooting.md
		docs\09-extensibility.md = docs\09-extensibility.md
		docs\10-ci-cd-integration.md = docs\10-ci-cd-integration.md
		docs\11-file-structure-reference.md = docs\11-file-structure-reference.md
	EndProjectSection
EndProject
Global
	GlobalSection(SolutionConfigurationPlatforms) = preSolution
		Debug|Any CPU = Debug|Any CPU
		Release|Any CPU = Release|Any CPU
	EndGlobalSection
	GlobalSection(ProjectConfigurationPlatforms) = postSolution
		{F9A65FB5-7EBC-C3C1-6299-7FD8C4D48A4C}.Debug|Any CPU.ActiveCfg = Debug|Any CPU
		{F9A65FB5-7EBC-C3C1-6299-7FD8C4D48A4C}.Debug|Any CPU.Build.0 = Debug|Any CPU
		{F9A65FB5-7EBC-C3C1-6299-7FD8C4D48A4C}.Release|Any CPU.ActiveCfg = Release|Any CPU
		{F9A65FB5-7EBC-C3C1-6299-7FD8C4D48A4C}.Release|Any CPU.Build.0 = Release|Any CPU
		{3C76D6D8-B7E7-7860-F790-5BD98DE03F3B}.Debug|Any CPU.ActiveCfg = Debug|Any CPU
		{3C76D6D8-B7E7-7860-F790-5BD98DE03F3B}.Debug|Any CPU.Build.0 = Debug|Any CPU
		{3C76D6D8-B7E7-7860-F790-5BD98DE03F3B}.Release|Any CPU.ActiveCfg = Release|Any CPU
		{3C76D6D8-B7E7-7860-F790-5BD98DE03F3B}.Release|Any CPU.Build.0 = Release|Any CPU
		{A269700D-9F3F-4315-99A3-455F7753EFEC}.Debug|Any CPU.ActiveCfg = Debug|Any CPU
		{A269700D-9F3F-4315-99A3-455F7753EFEC}.Debug|Any CPU.Build.0 = Debug|Any CPU
		{A269700D-9F3F-4315-99A3-455F7753EFEC}.Release|Any CPU.ActiveCfg = Release|Any CPU
		{A269700D-9F3F-4315-99A3-455F7753EFEC}.Release|Any CPU.Build.0 = Release|Any CPU
	EndGlobalSection
	GlobalSection(SolutionProperties) = preSolution
		HideSolutionNode = FALSE
	EndGlobalSection
	GlobalSection(NestedProjects) = preSolution
		{F9A65FB5-7EBC-C3C1-6299-7FD8C4D48A4C} = {3BEF5577-E39D-4B46-B4DB-D03E217CE4B7}
		{3C76D6D8-B7E7-7860-F790-5BD98DE03F3B} = {3BEF5577-E39D-4B46-B4DB-D03E217CE4B7}
		{A269700D-9F3F-4315-99A3-455F7753EFEC} = {03262C1F-D710-4FB4-A945-CFEEF2DBC71C}
	EndGlobalSection
	GlobalSection(ExtensibilityGlobals) = postSolution
		SolutionGuid = {DF18B181-3CD9-4879-B798-65525C8C3DCB}
	EndGlobalSection
EndGlobal
